
Microsoft Visual Studio Solution File, Format Version 12.00
# Visual Studio Version 17
VisualStudioVersion = 17.8.34511.84
MinimumVisualStudioVersion = 10.0.40219.1
Project("{9A19103F-16F7-4668-BE54-9A1E7A4F7556}") = "Currency", "Currency\Currency.csproj", "{AB124E8F-26F0-40C2-B873-C0BE7F9CB71A}"
EndProject
Project("{FAE04EC0-301F-11D3-BF4B-00C04F79EFBC}") = "Register", "Register\Register.csproj", "{503BBBEC-8DAE-4933-BEF1-490BCDFFCDE7}"
EndProject
Global
	GlobalSection(SolutionConfigurationPlatforms) = preSolution
		Debug|Any CPU = Debug|Any CPU
		Release|Any CPU = Release|Any CPU
	EndGlobalSection
	GlobalSection(ProjectConfigurationPlatforms) = postSolution
		{AB124E8F-26F0-40C2-B873-C0BE7F9CB71A}.Debug|Any CPU.ActiveCfg = Debug|Any CPU
		{AB124E8F-26F0-40C2-B873-C0BE7F9CB71A}.Debug|Any CPU.Build.0 = Debug|Any CPU
		{AB124E8F-26F0-40C2-B873-C0BE7F9CB71A}.Release|Any CPU.ActiveCfg = Release|Any CPU
		{AB124E8F-26F0-40C2-B873-C0BE7F9CB71A}.Release|Any CPU.Build.0 = Release|Any CPU
		{503BBBEC-8DAE-4933-BEF1-490BCDFFCDE7}.Debug|Any CPU.ActiveCfg = Debug|Any CPU
		{503BBBEC-8DAE-4933-BEF1-490BCDFFCDE7}.Debug|Any CPU.Build.0 = Debug|Any CPU
		{503BBBEC-8DAE-4933-BEF1-490BCDFFCDE7}.Release|Any CPU.ActiveCfg = Release|Any CPU
		{503BBBEC-8DAE-4933-BEF1-490BCDFFCDE7}.Release|Any CPU.Build.0 = Release|Any CPU
	EndGlobalSection
	GlobalSection(SolutionProperties) = preSolution
		HideSolutionNode = FALSE
	EndGlobalSection
	GlobalSection(ExtensibilityGlobals) = postSolution
		SolutionGuid = {125F0FEB-4514-4E02-B5A2-16E4A1EA6CA4}
	EndGlobalSection
EndGlobal
